
Microsoft Visual Studio Solution File, Format Version 12.00
Project("{FAE04EC0-301F-11D3-BF4B-00C04F79EFBC}") = "Bee1049Animal", "Bee1049Animal\Bee1049Animal.csproj", "{EC400651-AE3A-4896-92DD-1EAA46361628}"
EndProject
Global
	GlobalSection(SolutionConfigurationPlatforms) = preSolution
		Debug|Any CPU = Debug|Any CPU
		Release|Any CPU = Release|Any CPU
	EndGlobalSection
	GlobalSection(ProjectConfigurationPlatforms) = postSolution
		{EC400651-AE3A-4896-92DD-1EAA46361628}.Debug|Any CPU.ActiveCfg = Debug|Any CPU
		{EC400651-AE3A-4896-92DD-1EAA46361628}.Debug|Any CPU.Build.0 = Debug|Any CPU
		{EC400651-AE3A-4896-92DD-1EAA46361628}.Release|Any CPU.ActiveCfg = Release|Any CPU
		{EC400651-AE3A-4896-92DD-1EAA46361628}.Release|Any CPU.Build.0 = Release|Any CPU
	EndGlobalSection
EndGlobal
