
Microsoft Visual Studio Solution File, Format Version 12.00
Project("{FAE04EC0-301F-11D3-BF4B-00C04F79EFBC}") = "Bee1009SalarioComBonus", "Bee1009SalarioComBonus\Bee1009SalarioComBonus.csproj", "{2DFA5A16-3E26-4AB2-836E-E75B0C3B24A6}"
EndProject
Global
	GlobalSection(SolutionConfigurationPlatforms) = preSolution
		Debug|Any CPU = Debug|Any CPU
		Release|Any CPU = Release|Any CPU
	EndGlobalSection
	GlobalSection(ProjectConfigurationPlatforms) = postSolution
		{2DFA5A16-3E26-4AB2-836E-E75B0C3B24A6}.Debug|Any CPU.ActiveCfg = Debug|Any CPU
		{2DFA5A16-3E26-4AB2-836E-E75B0C3B24A6}.Debug|Any CPU.Build.0 = Debug|Any CPU
		{2DFA5A16-3E26-4AB2-836E-E75B0C3B24A6}.Release|Any CPU.ActiveCfg = Release|Any CPU
		{2DFA5A16-3E26-4AB2-836E-E75B0C3B24A6}.Release|Any CPU.Build.0 = Release|Any CPU
	EndGlobalSection
EndGlobal
