
Microsoft Visual Studio Solution File, Format Version 12.00
Project("{FAE04EC0-301F-11D3-BF4B-00C04F79EFBC}") = "Bee1019", "Bee1019\Bee1019.csproj", "{64D8E687-D3C1-46B2-943A-FC39BDC9029B}"
EndProject
Global
	GlobalSection(SolutionConfigurationPlatforms) = preSolution
		Debug|Any CPU = Debug|Any CPU
		Release|Any CPU = Release|Any CPU
	EndGlobalSection
	GlobalSection(ProjectConfigurationPlatforms) = postSolution
		{64D8E687-D3C1-46B2-943A-FC39BDC9029B}.Debug|Any CPU.ActiveCfg = Debug|Any CPU
		{64D8E687-D3C1-46B2-943A-FC39BDC9029B}.Debug|Any CPU.Build.0 = Debug|Any CPU
		{64D8E687-D3C1-46B2-943A-FC39BDC9029B}.Release|Any CPU.ActiveCfg = Release|Any CPU
		{64D8E687-D3C1-46B2-943A-FC39BDC9029B}.Release|Any CPU.Build.0 = Release|Any CPU
	EndGlobalSection
EndGlobal
