
Microsoft Visual Studio Solution File, Format Version 12.00
Project("{FAE04EC0-301F-11D3-BF4B-00C04F79EFBC}") = "Bee1005Media1", "Bee1005Media1\Bee1005Media1.csproj", "{011A9E5E-0A9C-4989-BD19-B211C80A938F}"
EndProject
Global
	GlobalSection(SolutionConfigurationPlatforms) = preSolution
		Debug|Any CPU = Debug|Any CPU
		Release|Any CPU = Release|Any CPU
	EndGlobalSection
	GlobalSection(ProjectConfigurationPlatforms) = postSolution
		{011A9E5E-0A9C-4989-BD19-B211C80A938F}.Debug|Any CPU.ActiveCfg = Debug|Any CPU
		{011A9E5E-0A9C-4989-BD19-B211C80A938F}.Debug|Any CPU.Build.0 = Debug|Any CPU
		{011A9E5E-0A9C-4989-BD19-B211C80A938F}.Release|Any CPU.ActiveCfg = Release|Any CPU
		{011A9E5E-0A9C-4989-BD19-B211C80A938F}.Release|Any CPU.Build.0 = Release|Any CPU
	EndGlobalSection
EndGlobal
