
Microsoft Visual Studio Solution File, Format Version 12.00
Project("{FAE04EC0-301F-11D3-BF4B-00C04F79EFBC}") = "Bee1037Intervalo", "Bee1037Intervalo\Bee1037Intervalo.csproj", "{5C2DF9F5-5C3B-40EC-A238-84A847279E92}"
EndProject
Global
	GlobalSection(SolutionConfigurationPlatforms) = preSolution
		Debug|Any CPU = Debug|Any CPU
		Release|Any CPU = Release|Any CPU
	EndGlobalSection
	GlobalSection(ProjectConfigurationPlatforms) = postSolution
		{5C2DF9F5-5C3B-40EC-A238-84A847279E92}.Debug|Any CPU.ActiveCfg = Debug|Any CPU
		{5C2DF9F5-5C3B-40EC-A238-84A847279E92}.Debug|Any CPU.Build.0 = Debug|Any CPU
		{5C2DF9F5-5C3B-40EC-A238-84A847279E92}.Release|Any CPU.ActiveCfg = Release|Any CPU
		{5C2DF9F5-5C3B-40EC-A238-84A847279E92}.Release|Any CPU.Build.0 = Release|Any CPU
	EndGlobalSection
EndGlobal
