
Microsoft Visual Studio Solution File, Format Version 12.00
Project("{FAE04EC0-301F-11D3-BF4B-00C04F79EFBC}") = "Tabuada", "Tabuada\Tabuada.csproj", "{B54FDBEB-222D-432A-8526-A36692F69F84}"
EndProject
Global
	GlobalSection(SolutionConfigurationPlatforms) = preSolution
		Debug|Any CPU = Debug|Any CPU
		Release|Any CPU = Release|Any CPU
	EndGlobalSection
	GlobalSection(ProjectConfigurationPlatforms) = postSolution
		{B54FDBEB-222D-432A-8526-A36692F69F84}.Debug|Any CPU.ActiveCfg = Debug|Any CPU
		{B54FDBEB-222D-432A-8526-A36692F69F84}.Debug|Any CPU.Build.0 = Debug|Any CPU
		{B54FDBEB-222D-432A-8526-A36692F69F84}.Release|Any CPU.ActiveCfg = Release|Any CPU
		{B54FDBEB-222D-432A-8526-A36692F69F84}.Release|Any CPU.Build.0 = Release|Any CPU
	EndGlobalSection
EndGlobal
