
Microsoft Visual Studio Solution File, Format Version 12.00
Project("{FAE04EC0-301F-11D3-BF4B-00C04F79EFBC}") = "Bee1046TempoDeJogo", "Bee1046TempoDeJogo\Bee1046TempoDeJogo.csproj", "{782BD065-A5E7-4BCD-A262-93A149FA58CD}"
EndProject
Global
	GlobalSection(SolutionConfigurationPlatforms) = preSolution
		Debug|Any CPU = Debug|Any CPU
		Release|Any CPU = Release|Any CPU
	EndGlobalSection
	GlobalSection(ProjectConfigurationPlatforms) = postSolution
		{782BD065-A5E7-4BCD-A262-93A149FA58CD}.Debug|Any CPU.ActiveCfg = Debug|Any CPU
		{782BD065-A5E7-4BCD-A262-93A149FA58CD}.Debug|Any CPU.Build.0 = Debug|Any CPU
		{782BD065-A5E7-4BCD-A262-93A149FA58CD}.Release|Any CPU.ActiveCfg = Release|Any CPU
		{782BD065-A5E7-4BCD-A262-93A149FA58CD}.Release|Any CPU.Build.0 = Release|Any CPU
	EndGlobalSection
EndGlobal
