
Microsoft Visual Studio Solution File, Format Version 12.00
# Visual Studio Version 17
VisualStudioVersion = 17.13.35919.96 d17.13
MinimumVisualStudioVersion = 10.0.40219.1
Project("{FAE04EC0-301F-11D3-BF4B-00C04F79EFBC}") = "Bee1002", "Bee1002\Bee1002.csproj", "{0259DBE9-F916-4BE7-895E-BF6EAD87E06B}"
EndProject
Global
	GlobalSection(SolutionConfigurationPlatforms) = preSolution
		Debug|Any CPU = Debug|Any CPU
		Release|Any CPU = Release|Any CPU
	EndGlobalSection
	GlobalSection(ProjectConfigurationPlatforms) = postSolution
		{0259DBE9-F916-4BE7-895E-BF6EAD87E06B}.Debug|Any CPU.ActiveCfg = Debug|Any CPU
		{0259DBE9-F916-4BE7-895E-BF6EAD87E06B}.Debug|Any CPU.Build.0 = Debug|Any CPU
		{0259DBE9-F916-4BE7-895E-BF6EAD87E06B}.Release|Any CPU.ActiveCfg = Release|Any CPU
		{0259DBE9-F916-4BE7-895E-BF6EAD87E06B}.Release|Any CPU.Build.0 = Release|Any CPU
	EndGlobalSection
	GlobalSection(SolutionProperties) = preSolution
		HideSolutionNode = FALSE
	EndGlobalSection
	GlobalSection(ExtensibilityGlobals) = postSolution
		SolutionGuid = {7F31840B-3BA9-4B15-9B34-CC1E9C71A74D}
	EndGlobalSection
EndGlobal
