
Microsoft Visual Studio Solution File, Format Version 12.00
# Visual Studio Version 17
VisualStudioVersion = 17.13.35919.96 d17.13
MinimumVisualStudioVersion = 10.0.40219.1
Project("{FAE04EC0-301F-11D3-BF4B-00C04F79EFBC}") = "EntradaDadosParte2", "EntradaDadosParte2\EntradaDadosParte2.csproj", "{135D50E9-0D66-4502-BE11-6E2BC8F0355E}"
EndProject
Global
	GlobalSection(SolutionConfigurationPlatforms) = preSolution
		Debug|Any CPU = Debug|Any CPU
		Release|Any CPU = Release|Any CPU
	EndGlobalSection
	GlobalSection(ProjectConfigurationPlatforms) = postSolution
		{135D50E9-0D66-4502-BE11-6E2BC8F0355E}.Debug|Any CPU.ActiveCfg = Debug|Any CPU
		{135D50E9-0D66-4502-BE11-6E2BC8F0355E}.Debug|Any CPU.Build.0 = Debug|Any CPU
		{135D50E9-0D66-4502-BE11-6E2BC8F0355E}.Release|Any CPU.ActiveCfg = Release|Any CPU
		{135D50E9-0D66-4502-BE11-6E2BC8F0355E}.Release|Any CPU.Build.0 = Release|Any CPU
	EndGlobalSection
	GlobalSection(SolutionProperties) = preSolution
		HideSolutionNode = FALSE
	EndGlobalSection
	GlobalSection(ExtensibilityGlobals) = postSolution
		SolutionGuid = {35D42783-DB3F-42A5-AF40-D0291BEA24FA}
	EndGlobalSection
EndGlobal
