
Microsoft Visual Studio Solution File, Format Version 12.00
Project("{FAE04EC0-301F-11D3-BF4B-00C04F79EFBC}") = "SintaxeForEach", "SintaxeForEach\SintaxeForEach.csproj", "{3FAC3557-34D7-477E-BAB9-FE7FD8C17D40}"
EndProject
Global
	GlobalSection(SolutionConfigurationPlatforms) = preSolution
		Debug|Any CPU = Debug|Any CPU
		Release|Any CPU = Release|Any CPU
	EndGlobalSection
	GlobalSection(ProjectConfigurationPlatforms) = postSolution
		{3FAC3557-34D7-477E-BAB9-FE7FD8C17D40}.Debug|Any CPU.ActiveCfg = Debug|Any CPU
		{3FAC3557-34D7-477E-BAB9-FE7FD8C17D40}.Debug|Any CPU.Build.0 = Debug|Any CPU
		{3FAC3557-34D7-477E-BAB9-FE7FD8C17D40}.Release|Any CPU.ActiveCfg = Release|Any CPU
		{3FAC3557-34D7-477E-BAB9-FE7FD8C17D40}.Release|Any CPU.Build.0 = Release|Any CPU
	EndGlobalSection
EndGlobal
