
Microsoft Visual Studio Solution File, Format Version 12.00
Project("{FAE04EC0-301F-11D3-BF4B-00C04F79EFBC}") = "Bee1001ExtremamenteBasico", "Bee1001ExtremamenteBasico\Bee1001ExtremamenteBasico.csproj", "{131254D0-3BE6-4108-94E8-53FC4F05DCFF}"
EndProject
Global
	GlobalSection(SolutionConfigurationPlatforms) = preSolution
		Debug|Any CPU = Debug|Any CPU
		Release|Any CPU = Release|Any CPU
	EndGlobalSection
	GlobalSection(ProjectConfigurationPlatforms) = postSolution
		{131254D0-3BE6-4108-94E8-53FC4F05DCFF}.Debug|Any CPU.ActiveCfg = Debug|Any CPU
		{131254D0-3BE6-4108-94E8-53FC4F05DCFF}.Debug|Any CPU.Build.0 = Debug|Any CPU
		{131254D0-3BE6-4108-94E8-53FC4F05DCFF}.Release|Any CPU.ActiveCfg = Release|Any CPU
		{131254D0-3BE6-4108-94E8-53FC4F05DCFF}.Release|Any CPU.Build.0 = Release|Any CPU
	EndGlobalSection
EndGlobal
