
Microsoft Visual Studio Solution File, Format Version 12.00
Project("{FAE04EC0-301F-11D3-BF4B-00C04F79EFBC}") = "ExercicioResolvido1", "ExercicioResolvido1\ExercicioResolvido1.csproj", "{77B24EC1-C1D5-43BE-A463-97F36A8893A5}"
EndProject
Global
	GlobalSection(SolutionConfigurationPlatforms) = preSolution
		Debug|Any CPU = Debug|Any CPU
		Release|Any CPU = Release|Any CPU
	EndGlobalSection
	GlobalSection(ProjectConfigurationPlatforms) = postSolution
		{77B24EC1-C1D5-43BE-A463-97F36A8893A5}.Debug|Any CPU.ActiveCfg = Debug|Any CPU
		{77B24EC1-C1D5-43BE-A463-97F36A8893A5}.Debug|Any CPU.Build.0 = Debug|Any CPU
		{77B24EC1-C1D5-43BE-A463-97F36A8893A5}.Release|Any CPU.ActiveCfg = Release|Any CPU
		{77B24EC1-C1D5-43BE-A463-97F36A8893A5}.Release|Any CPU.Build.0 = Release|Any CPU
	EndGlobalSection
EndGlobal
