
Microsoft Visual Studio Solution File, Format Version 12.00
Project("{FAE04EC0-301F-11D3-BF4B-00C04F79EFBC}") = "Bee1050DDD", "Bee1050DDD\Bee1050DDD.csproj", "{93F33ED5-741D-4EAB-9FFA-86C4E673D1AA}"
EndProject
Global
	GlobalSection(SolutionConfigurationPlatforms) = preSolution
		Debug|Any CPU = Debug|Any CPU
		Release|Any CPU = Release|Any CPU
	EndGlobalSection
	GlobalSection(ProjectConfigurationPlatforms) = postSolution
		{93F33ED5-741D-4EAB-9FFA-86C4E673D1AA}.Debug|Any CPU.ActiveCfg = Debug|Any CPU
		{93F33ED5-741D-4EAB-9FFA-86C4E673D1AA}.Debug|Any CPU.Build.0 = Debug|Any CPU
		{93F33ED5-741D-4EAB-9FFA-86C4E673D1AA}.Release|Any CPU.ActiveCfg = Release|Any CPU
		{93F33ED5-741D-4EAB-9FFA-86C4E673D1AA}.Release|Any CPU.Build.0 = Release|Any CPU
	EndGlobalSection
EndGlobal
