
Microsoft Visual Studio Solution File, Format Version 12.00
Project("{FAE04EC0-301F-11D3-BF4B-00C04F79EFBC}") = "EntradaDeDados", "EntradaDeDados\EntradaDeDados.csproj", "{162F8E12-239F-40FF-BB6C-FDD955128906}"
EndProject
Global
	GlobalSection(SolutionConfigurationPlatforms) = preSolution
		Debug|Any CPU = Debug|Any CPU
		Release|Any CPU = Release|Any CPU
	EndGlobalSection
	GlobalSection(ProjectConfigurationPlatforms) = postSolution
		{162F8E12-239F-40FF-BB6C-FDD955128906}.Debug|Any CPU.ActiveCfg = Debug|Any CPU
		{162F8E12-239F-40FF-BB6C-FDD955128906}.Debug|Any CPU.Build.0 = Debug|Any CPU
		{162F8E12-239F-40FF-BB6C-FDD955128906}.Release|Any CPU.ActiveCfg = Release|Any CPU
		{162F8E12-239F-40FF-BB6C-FDD955128906}.Release|Any CPU.Build.0 = Release|Any CPU
	EndGlobalSection
EndGlobal
