
Microsoft Visual Studio Solution File, Format Version 12.00
Project("{FAE04EC0-301F-11D3-BF4B-00C04F79EFBC}") = "Bee1041CoordenadasDeUmPonto", "Bee1041CoordenadasDeUmPonto\Bee1041CoordenadasDeUmPonto.csproj", "{D0026B18-948A-4CBA-8A55-D1254FF90DE9}"
EndProject
Global
	GlobalSection(SolutionConfigurationPlatforms) = preSolution
		Debug|Any CPU = Debug|Any CPU
		Release|Any CPU = Release|Any CPU
	EndGlobalSection
	GlobalSection(ProjectConfigurationPlatforms) = postSolution
		{D0026B18-948A-4CBA-8A55-D1254FF90DE9}.Debug|Any CPU.ActiveCfg = Debug|Any CPU
		{D0026B18-948A-4CBA-8A55-D1254FF90DE9}.Debug|Any CPU.Build.0 = Debug|Any CPU
		{D0026B18-948A-4CBA-8A55-D1254FF90DE9}.Release|Any CPU.ActiveCfg = Release|Any CPU
		{D0026B18-948A-4CBA-8A55-D1254FF90DE9}.Release|Any CPU.Build.0 = Release|Any CPU
	EndGlobalSection
EndGlobal
