
Microsoft Visual Studio Solution File, Format Version 12.00
Project("{FAE04EC0-301F-11D3-BF4B-00C04F79EFBC}") = "Bee1154Idades", "Bee1154Idades\Bee1154Idades.csproj", "{F23D1DB6-CC26-42F5-8532-B2EB172DBAAD}"
EndProject
Global
	GlobalSection(SolutionConfigurationPlatforms) = preSolution
		Debug|Any CPU = Debug|Any CPU
		Release|Any CPU = Release|Any CPU
	EndGlobalSection
	GlobalSection(ProjectConfigurationPlatforms) = postSolution
		{F23D1DB6-CC26-42F5-8532-B2EB172DBAAD}.Debug|Any CPU.ActiveCfg = Debug|Any CPU
		{F23D1DB6-CC26-42F5-8532-B2EB172DBAAD}.Debug|Any CPU.Build.0 = Debug|Any CPU
		{F23D1DB6-CC26-42F5-8532-B2EB172DBAAD}.Release|Any CPU.ActiveCfg = Release|Any CPU
		{F23D1DB6-CC26-42F5-8532-B2EB172DBAAD}.Release|Any CPU.Build.0 = Release|Any CPU
	EndGlobalSection
EndGlobal
