
Microsoft Visual Studio Solution File, Format Version 12.00
# Visual Studio Version 17
VisualStudioVersion = 17.13.35919.96 d17.13
MinimumVisualStudioVersion = 10.0.40219.1
Project("{FAE04EC0-301F-11D3-BF4B-00C04F79EFBC}") = "Bee1011", "Bee1011\Bee1011.csproj", "{2D8199B9-5DB9-4EF9-B96E-B93A34905882}"
EndProject
Global
	GlobalSection(SolutionConfigurationPlatforms) = preSolution
		Debug|Any CPU = Debug|Any CPU
		Release|Any CPU = Release|Any CPU
	EndGlobalSection
	GlobalSection(ProjectConfigurationPlatforms) = postSolution
		{2D8199B9-5DB9-4EF9-B96E-B93A34905882}.Debug|Any CPU.ActiveCfg = Debug|Any CPU
		{2D8199B9-5DB9-4EF9-B96E-B93A34905882}.Debug|Any CPU.Build.0 = Debug|Any CPU
		{2D8199B9-5DB9-4EF9-B96E-B93A34905882}.Release|Any CPU.ActiveCfg = Release|Any CPU
		{2D8199B9-5DB9-4EF9-B96E-B93A34905882}.Release|Any CPU.Build.0 = Release|Any CPU
	EndGlobalSection
	GlobalSection(SolutionProperties) = preSolution
		HideSolutionNode = FALSE
	EndGlobalSection
	GlobalSection(ExtensibilityGlobals) = postSolution
		SolutionGuid = {63E1748C-3CDE-4A49-B775-41A125AC8BD1}
	EndGlobalSection
EndGlobal
