
Microsoft Visual Studio Solution File, Format Version 12.00
Project("{FAE04EC0-301F-11D3-BF4B-00C04F79EFBC}") = "Bee1073QuadradoDePares", "Bee1073QuadradoDePares\Bee1073QuadradoDePares.csproj", "{70C3CA5C-C78A-434D-B50F-4574C896582F}"
EndProject
Global
	GlobalSection(SolutionConfigurationPlatforms) = preSolution
		Debug|Any CPU = Debug|Any CPU
		Release|Any CPU = Release|Any CPU
	EndGlobalSection
	GlobalSection(ProjectConfigurationPlatforms) = postSolution
		{70C3CA5C-C78A-434D-B50F-4574C896582F}.Debug|Any CPU.ActiveCfg = Debug|Any CPU
		{70C3CA5C-C78A-434D-B50F-4574C896582F}.Debug|Any CPU.Build.0 = Debug|Any CPU
		{70C3CA5C-C78A-434D-B50F-4574C896582F}.Release|Any CPU.ActiveCfg = Release|Any CPU
		{70C3CA5C-C78A-434D-B50F-4574C896582F}.Release|Any CPU.Build.0 = Release|Any CPU
	EndGlobalSection
EndGlobal
